
Microsoft Visual Studio Solution File, Format Version 12.00
# Visual Studio Version 16
VisualStudioVersion = 16.0.31019.35
MinimumVisualStudioVersion = 10.0.40219.1
Project("{9A19103F-16F7-4668-BE54-9A1E7A4F7556}") = "Todo.Api", "Todo.Api\Todo.Api.csproj", "{32B42474-22F4-4E8E-8546-0906DCC8B7E2}"
EndProject
Project("{9A19103F-16F7-4668-BE54-9A1E7A4F7556}") = "Todo.Persistence", "Todo.Persistence\Todo.Persistence.csproj", "{FF611C22-943A-4F0C-882E-D4BE0AC4F730}"
EndProject
Project("{9A19103F-16F7-4668-BE54-9A1E7A4F7556}") = "Todo.Domain", "Todo.Domain\Todo.Domain.csproj", "{7A7571B3-05AD-4978-85E9-760E693ECF5E}"
EndProject
Project("{2150E333-8FDC-42A3-9474-1A3956D46DE8}") = "Solution Items", "Solution Items", "{9124A833-A91D-42D2-960A-D2D6DEEB861B}"
	ProjectSection(SolutionItems) = preProject
		.dockerignore = .dockerignore
		Directory.Build.props = Directory.Build.props
		Dockerfile = Dockerfile
	EndProjectSection
EndProject
Project("{FAE04EC0-301F-11D3-BF4B-00C04F79EFBC}") = "Todo.Application", "Todo.Application\Todo.Application.csproj", "{9E632E27-67A3-4475-9A58-574827777418}"
EndProject
Global
	GlobalSection(SolutionConfigurationPlatforms) = preSolution
		Debug|Any CPU = Debug|Any CPU
		Release|Any CPU = Release|Any CPU
	EndGlobalSection
	GlobalSection(ProjectConfigurationPlatforms) = postSolution
		{32B42474-22F4-4E8E-8546-0906DCC8B7E2}.Debug|Any CPU.ActiveCfg = Debug|Any CPU
		{32B42474-22F4-4E8E-8546-0906DCC8B7E2}.Debug|Any CPU.Build.0 = Debug|Any CPU
		{32B42474-22F4-4E8E-8546-0906DCC8B7E2}.Release|Any CPU.ActiveCfg = Release|Any CPU
		{32B42474-22F4-4E8E-8546-0906DCC8B7E2}.Release|Any CPU.Build.0 = Release|Any CPU
		{FF611C22-943A-4F0C-882E-D4BE0AC4F730}.Debug|Any CPU.ActiveCfg = Debug|Any CPU
		{FF611C22-943A-4F0C-882E-D4BE0AC4F730}.Debug|Any CPU.Build.0 = Debug|Any CPU
		{FF611C22-943A-4F0C-882E-D4BE0AC4F730}.Release|Any CPU.ActiveCfg = Release|Any CPU
		{FF611C22-943A-4F0C-882E-D4BE0AC4F730}.Release|Any CPU.Build.0 = Release|Any CPU
		{7A7571B3-05AD-4978-85E9-760E693ECF5E}.Debug|Any CPU.ActiveCfg = Debug|Any CPU
		{7A7571B3-05AD-4978-85E9-760E693ECF5E}.Debug|Any CPU.Build.0 = Debug|Any CPU
		{7A7571B3-05AD-4978-85E9-760E693ECF5E}.Release|Any CPU.ActiveCfg = Release|Any CPU
		{7A7571B3-05AD-4978-85E9-760E693ECF5E}.Release|Any CPU.Build.0 = Release|Any CPU
		{9E632E27-67A3-4475-9A58-574827777418}.Debug|Any CPU.ActiveCfg = Debug|Any CPU
		{9E632E27-67A3-4475-9A58-574827777418}.Debug|Any CPU.Build.0 = Debug|Any CPU
		{9E632E27-67A3-4475-9A58-574827777418}.Release|Any CPU.ActiveCfg = Release|Any CPU
		{9E632E27-67A3-4475-9A58-574827777418}.Release|Any CPU.Build.0 = Release|Any CPU
	EndGlobalSection
	GlobalSection(SolutionProperties) = preSolution
		HideSolutionNode = FALSE
	EndGlobalSection
	GlobalSection(ExtensibilityGlobals) = postSolution
		SolutionGuid = {F5E2CC43-F982-4A8F-994E-19C00EC24FC4}
	EndGlobalSection
EndGlobal
